{
    "_meta": {
        "hash": {
            "sha256": "aec2d6e5991cde0a535d121b645ebb573ce607919e788934f2c9cea9a01cf34c"
        },
        "pipfile-spec": 6,
        "requires": {
            "python_version": "3.6"
        },
        "sources": [
            {
                "name": "pypi",
                "url": "https://pypi.org/simple",
                "verify_ssl": true
            }
        ]
    },
    "default": {
        "certifi": {
            "hashes": [
                "sha256:13e698f54293db9f89122b0581843a782ad0934a4fe0172d2a980ba77fc61bb7",
                "sha256:9fa520c1bacfb634fa7af20a76bcbd3d5fb390481724c597da32c719a7dca4b0"
            ],
            "version": "==2018.4.16"
        },
        "chardet": {
            "hashes": [
                "sha256:84ab92ed1c4d4f16916e05906b6b75a6c0fb5db821cc65e70cbd64a3e2a5eaae",
                "sha256:fc323ffcaeaed0e0a02bf4d117757b98aed530d9ed4531e3e15460124c106691"
            ],
            "version": "==3.0.4"
        },
        "idna": {
            "hashes": [
                "sha256:156a6814fb5ac1fc6850fb002e0852d56c0c8d2531923a51032d1b70760e186e",
                "sha256:684a38a6f903c1d71d6d5fac066b58d7768af4de2b832e426ec79c30daa94a16"
            ],
            "version": "==2.7"
        },
        "lxml": {
            "hashes": [
                "sha256:0941f4313208c07734410414d8308812b044fd3fb98573454e3d3a0d2e201f3d",
                "sha256:0b18890aa5730f9d847bc5469e8820f782d72af9985a15a7552109a86b01c113",
                "sha256:21f427945f612ac75576632b1bb8c21233393c961f2da890d7be3927a4b6085f",
                "sha256:24cf6f622a4d49851afcf63ac4f0f3419754d4e98a7a548ab48dd03c635d9bd3",
                "sha256:2dc6705486b8abee1af9e2a3761e30a3cb19e8276f20ca7e137ee6611b93707c",
                "sha256:2e43b2e5b7d2b9abe6e0301eef2c2c122ab45152b968910eae68bdee2c4cfae0",
                "sha256:329a6d8b6d36f7d6f8b6c6a1db3b2c40f7e30a19d3caf62023c9d6a677c1b5e1",
                "sha256:423cde55430a348bda6f1021faad7235c2a95a6bdb749e34824e5758f755817a",
                "sha256:4651ea05939374cfb5fe87aab5271ed38c31ea47997e17ec3834b75b94bd9f15",
                "sha256:4be3bbfb2968d7da6e5c2cd4104fc5ec1caf9c0794f6cae724da5a53b4d9f5a3",
                "sha256:622f7e40faef13d232fb52003661f2764ce6cdef3edb0a59af7c1559e4cc36d1",
                "sha256:664dfd4384d886b239ef0d7ee5cff2b463831079d250528b10e394a322f141f9",
                "sha256:697c0f58ac637b11991a1bc92e07c34da4a72e2eda34d317d2c1c47e2f24c1b3",
                "sha256:6ec908b4c8a4faa7fe1a0080768e2ce733f268b287dfefb723273fb34141475f",
                "sha256:7ec3fe795582b75bb49bb1685ffc462dbe38d74312dac07ce386671a28b5316b",
                "sha256:8c39babd923c431dcf1e5874c0f778d3a5c745a62c3a9b6bd755efd489ee8a1d",
                "sha256:949ca5bc56d6cb73d956f4862ba06ad3c5d2808eac76304284f53ae0c8b2334a",
                "sha256:9f0daddeefb0791a600e6195441910bdf01eac470be596b9467e6122b51239a6",
                "sha256:a359893b01c30e949eae0e8a85671a593364c9f0b8162afe0cb97317af0953bf",
                "sha256:ad5d5d8efed59e6b1d4c50c1eac59fb6ecec91b2073676af1e15fc4d43e9b6c5",
                "sha256:bc1a36f95a6b3667c09b34995fc3a46a82e4cf0dc3e7ab281e4c77b15bd7af05",
                "sha256:be37b3f55b6d7d923f43bf74c356fc1878eb36e28505f38e198cb432c19c7b1a",
                "sha256:c45bca5e544eb75f7500ffd730df72922eb878a2f0213b0dc5a5f357ded3a85d",
                "sha256:ccee7ebbb4735ebc341d347fca9ee09f2fa6c0580528c1414bc4e1d31372835c",
                "sha256:dc62c0840b2fc7753550b40405532a3e125c0d3761f34af948873393aa688160",
                "sha256:f7d9d5aa1c7e54167f1a3cba36b5c52c7c540f30952c9bd7d9302a1eda318424"
            ],
            "index": "pypi",
            "version": "==4.2.3"
        },
        "oath": {
            "hashes": [
                "sha256:60f59ead7dfe56c49e98ace4d4abab1b62fe65b657d3bfeebb60b322c0be30db"
            ],
            "index": "pypi",
            "version": "==1.4.1"
        },
        "pycryptodome": {
            "hashes": [
                "sha256:010d6ec31de6416db7136f1b56ca85363e2980986a5d7dd0c18797e4a3a54184",
                "sha256:264b3754f61f338cc4cfd6c9e00f5f8778fce73e20a37f4551ed0fa7fa1a5f25",
                "sha256:2ed336bdd7bc1f227eb06964531933bfed6470012608bfc5eb6aaf6ddffe6137",
                "sha256:3c3ddad19994247a1c00e8e30c3da00820627ecedc4aee5865967f84bad6f958",
                "sha256:3f9caa51b039cd010eff75bf5dbc8dd995c8b45b6e4e8e54f5161960dbd8e9e3",
                "sha256:416ea498d5fea189ceaef3cf9526939b5fdc7d06c8a42f47d5bb7938b74bdb07",
                "sha256:53ffdd13fce5155bbd52f82738794ed8ae2ea9619c31931ed6061618e218c738",
                "sha256:6211dd4025496441d5b61cdf4d3aa70b7db0413c87ffd79d9ad1e0ddf0634bba",
                "sha256:6245567a6ff07eb518d3ec7bbe4a33cf2b4de9a50083a906b199488359d754c4",
                "sha256:62af7c01cbf67de60937c98073767cea65c470103a4775b46d5ab09924d49bab",
                "sha256:659432b58f5eaba280ecd139fe8394d369585224a1edfa7920a0f7c77bf9f8dc",
                "sha256:6feea8a031701919983929e4a9c2ee36469d050cc7fd77bf86f364b0f9a961e7",
                "sha256:7180dc3c3e002af1fb44bc7265a2aba4a318b0b00850d66cb935f90032529753",
                "sha256:743c38d6331dfb9e672397306dfaad4b0524afa8ff1d07271ff50d6da70566e0",
                "sha256:81a98457740c7eb6c9d90d1f8e84264b3446bbda9019f561e86f0972be30feb8",
                "sha256:87f990b915e794e4a7526703696f03adfe99cbf72523c0eb40a06453e6f21ddb",
                "sha256:98972d57dd9e7582ae608fedbd1d5ea0a60e58d586ad3a257bd091941498af6c",
                "sha256:9906d10968e96bc98dd043380b982373baa6d1233f901d6b83fe604a1314c61c",
                "sha256:9c7790ffd291c81b934fe0ca8155a67235d33f70d4914bbf7467a447d9dbcb09",
                "sha256:a8acea6e8301176c5f58aee3c915958ea15523b67e3a9159929e3699608ec11a",
                "sha256:aabdcc2a42c05614bd9b46d475237226e5127e352cae41a339f864cc8ec6f8c9",
                "sha256:b064cc2bd8058b810b6bae240eaa6334af45094a46a6443e956e6a59097f5703",
                "sha256:b3ee89825098c6f36bac7d4a41fb8a699a3922ac8c309b94cf433f77b6bc19fa",
                "sha256:b64da7a09ee9edb912b61e88282dbe2a8f10bbc2a58f33eef755b4b3274521b0",
                "sha256:b69303ad2c3beca33d872dc8c1a73e83cc8733233d3454a1266f09d6e0cea9ff",
                "sha256:c41c2167292f4bea115c9a566728ecdc05b8a6b0788c734a32c1fc9425b2bc69",
                "sha256:d1569e5e0d79730b60a0c08120b3a84ce5ecd8461c1c8b76ebde49b423296066",
                "sha256:ea2b9f7edd1ac89d8445a1800f52b2e506e3b9d643b95a44f53fb8f59cf167fd",
                "sha256:eda82b564990e1d58e6c0d6646581aaf5b50567b05130efe71f3c6be0e11bf38",
                "sha256:edfee1d19a7865add83463e92c6a7810e824ae9a10c9abb95b1763263f7e247c"
            ],
            "index": "pypi",
            "version": "==3.6.4"
        },
        "requests": {
            "hashes": [
                "sha256:63b52e3c866428a224f97cab011de738c36aec0185aa91cfacd418b5d58911d1",
                "sha256:ec22d826a36ed72a7358ff3fe56cbd4ba69dd7a6718ffd450ff0e9df7a47ce6a"
            ],
            "index": "pypi",
            "version": "==2.19.1"
        },
        "urllib3": {
            "hashes": [
                "sha256:a68ac5e15e76e7e5dd2b8f94007233e01effe3e50e8daddf69acfd81cb686baf",
                "sha256:b5725a0bd4ba422ab0e66e89e030c806576753ea3ee08554382c14e685d117b5"
            ],
            "version": "==1.23"
        }
    },
    "develop": {}
}
